{
    "requires": true,
    "lockfileVersion": 1,
    "dependencies": {
        "alertifyjs": {
            "version": "1.11.0",
            "resolved": "https://registry.npmjs.org/alertifyjs/-/alertifyjs-1.11.0.tgz",
            "integrity": "sha512-PfsNJoSAENQeRc4bi3FUAYUdoLQ+GYlcR8kRPf7U9QecQGdYeUnN4WP8pKFcGiDpe1tZU8aElhxjdIMRugW5bA=="
        }
    }
}
