{
    "requires": true,
    "lockfileVersion": 1,
    "dependencies": {
        "alertifyjs": {
            "version": "1.11.0",
            "resolved": "https://registry.npmjs.org/alertifyjs/-/alertifyjs-1.11.0.tgz",
            "integrity": "sha512-PfsNJoSAENQeRc4bi3FUAYUdoLQ+GYlcR8kRPf7U9QecQGdYeUnN4WP8pKFcGiDpe1tZU8aElhxjdIMRugW5bA=="
        },
        "jquery": {
            "version": "3.3.1",
            "resolved": "https://registry.npmjs.org/jquery/-/jquery-3.3.1.tgz",
            "integrity": "sha512-Ubldcmxp5np52/ENotGxlLe6aGMvmF4R8S6tZjsP6Knsaxd/xp3Zrh50cG93lR6nPXyUFwzN3ZSOQI0wRJNdGg=="
        },
        "watermark": {
            "version": "1.0.1",
            "resolved": "https://registry.npmjs.org/watermark/-/watermark-1.0.1.tgz",
            "integrity": "sha1-icVmco6N0jwq81MYI6pVPa1UGe8=",
            "requires": {
                "jquery": "3.3.1"
            }
        },
        "watermarkjs": {
            "version": "2.0.0",
            "resolved": "https://registry.npmjs.org/watermarkjs/-/watermarkjs-2.0.0.tgz",
            "integrity": "sha1-adw+sb6qT3DBGJsgLj3mWF7NWyI="
        }
    }
}
