{
  "requires": true,
  "lockfileVersion": 1,
  "dependencies": {
    "croppie": {
      "version": "2.5.1",
      "resolved": "https://registry.npmjs.org/croppie/-/croppie-2.5.1.tgz",
      "integrity": "sha512-8QsuDg2/vGlNutBH2hcnxm4rZUpMe50HQFpU1q0MDetD1uT4qHHkS485e+u7wvCQflJjfBxBsWlQ9grGMOsmxg=="
    },
    "html5-device-mockups": {
      "version": "https://registry.npmjs.org/html5-device-mockups/-/html5-device-mockups-3.2.0.tgz",
      "integrity": "sha1-tQYmRclixMn3NYLjejVK8XuEYGg="
    }
  }
}
